
Microsoft Visual Studio Solution File, Format Version 12.00
# Visual Studio Version 16
VisualStudioVersion = 16.0.31624.102
MinimumVisualStudioVersion = 10.0.40219.1
Project("{FAE04EC0-301F-11D3-BF4B-00C04F79EFBC}") = "WiredBrainCoffee.ShopInfoTool", "WiredBrainCoffee.ShopInfoTool.csproj", "{BAF01B9F-171C-467A-9389-56AE1D40A33C}"
EndProject
Global
	GlobalSection(SolutionConfigurationPlatforms) = preSolution
		Debug|Any CPU = Debug|Any CPU
		Release|Any CPU = Release|Any CPU
	EndGlobalSection
	GlobalSection(ProjectConfigurationPlatforms) = postSolution
		{BAF01B9F-171C-467A-9389-56AE1D40A33C}.Debug|Any CPU.ActiveCfg = Debug|Any CPU
		{BAF01B9F-171C-467A-9389-56AE1D40A33C}.Debug|Any CPU.Build.0 = Debug|Any CPU
		{BAF01B9F-171C-467A-9389-56AE1D40A33C}.Release|Any CPU.ActiveCfg = Release|Any CPU
		{BAF01B9F-171C-467A-9389-56AE1D40A33C}.Release|Any CPU.Build.0 = Release|Any CPU
	EndGlobalSection
	GlobalSection(SolutionProperties) = preSolution
		HideSolutionNode = FALSE
	EndGlobalSection
	GlobalSection(ExtensibilityGlobals) = postSolution
		SolutionGuid = {80E5E0FD-D5DB-4AC9-9FF9-DF6B13AED652}
	EndGlobalSection
EndGlobal
